
Microsoft Visual Studio Solution File, Format Version 12.00
# Visual Studio 2013
VisualStudioVersion = 12.0.21005.1
MinimumVisualStudioVersion = 10.0.40219.1
Project("{FAE04EC0-301F-11D3-BF4B-00C04F79EFBC}") = "Iteedee.TextTemplater", "Iteedee.TextTemplater\Iteedee.TextTemplater.csproj", "{3436D7F7-3D65-4658-8246-E185A6B5C1A2}"
EndProject
Project("{2150E333-8FDC-42A3-9474-1A3956D46DE8}") = "Solution Items", "Solution Items", "{1392673F-73F1-44A0-A829-4C076E7948EF}"
	ProjectSection(SolutionItems) = preProject
		Readme.md = Readme.md
	EndProjectSection
EndProject
Project("{FAE04EC0-301F-11D3-BF4B-00C04F79EFBC}") = "Iteedee.TextTemplater.Test", "Iteedee.TextTemplater.Test\Iteedee.TextTemplater.Test.csproj", "{B8EEFC0F-C7FF-4145-A0F1-5F99CF6EA4C9}"
EndProject
Global
	GlobalSection(SolutionConfigurationPlatforms) = preSolution
		Debug|Any CPU = Debug|Any CPU
		Release|Any CPU = Release|Any CPU
	EndGlobalSection
	GlobalSection(ProjectConfigurationPlatforms) = postSolution
		{3436D7F7-3D65-4658-8246-E185A6B5C1A2}.Debug|Any CPU.ActiveCfg = Debug|Any CPU
		{3436D7F7-3D65-4658-8246-E185A6B5C1A2}.Debug|Any CPU.Build.0 = Debug|Any CPU
		{3436D7F7-3D65-4658-8246-E185A6B5C1A2}.Release|Any CPU.ActiveCfg = Release|Any CPU
		{3436D7F7-3D65-4658-8246-E185A6B5C1A2}.Release|Any CPU.Build.0 = Release|Any CPU
		{B8EEFC0F-C7FF-4145-A0F1-5F99CF6EA4C9}.Debug|Any CPU.ActiveCfg = Debug|Any CPU
		{B8EEFC0F-C7FF-4145-A0F1-5F99CF6EA4C9}.Debug|Any CPU.Build.0 = Debug|Any CPU
		{B8EEFC0F-C7FF-4145-A0F1-5F99CF6EA4C9}.Release|Any CPU.ActiveCfg = Release|Any CPU
		{B8EEFC0F-C7FF-4145-A0F1-5F99CF6EA4C9}.Release|Any CPU.Build.0 = Release|Any CPU
	EndGlobalSection
	GlobalSection(SolutionProperties) = preSolution
		HideSolutionNode = FALSE
	EndGlobalSection
EndGlobal
